
Microsoft Visual Studio Solution File, Format Version 12.00
# Visual Studio 14
VisualStudioVersion = 14.0.25420.1
MinimumVisualStudioVersion = 10.0.40219.1
Project("{FAE04EC0-301F-11D3-BF4B-00C04F79EFBC}") = "XamarinFormsCustomRenderer", "XamarinFormsCustomRenderer\XamarinFormsCustomRenderer\XamarinFormsCustomRenderer.csproj", "{E53A5336-134A-4B64-951B-EEF8D787108F}"
EndProject
Project("{FAE04EC0-301F-11D3-BF4B-00C04F79EFBC}") = "XamarinFormsCustomRenderer.Droid", "XamarinFormsCustomRenderer\XamarinFormsCustomRenderer.Droid\XamarinFormsCustomRenderer.Droid.csproj", "{E2ED5C5A-5F9A-4BF1-96A3-96366F76A141}"
EndProject
Project("{FAE04EC0-301F-11D3-BF4B-00C04F79EFBC}") = "XamarinFormsCustomRenderer.iOS", "XamarinFormsCustomRenderer\XamarinFormsCustomRenderer.iOS\XamarinFormsCustomRenderer.iOS.csproj", "{3B508A22-7C20-48A8-B4FD-C5F95069AB08}"
EndProject
Project("{FAE04EC0-301F-11D3-BF4B-00C04F79EFBC}") = "XamarinFormsCustomRenderer.WinPhone", "XamarinFormsCustomRenderer\XamarinFormsCustomRenderer.WinPhone\XamarinFormsCustomRenderer.WinPhone.csproj", "{648A7295-2256-4AFA-8481-BAD66C5BA917}"
EndProject
Project("{FAE04EC0-301F-11D3-BF4B-00C04F79EFBC}") = "XamarinFormsCustomRenderer.UWP", "XamarinFormsCustomRenderer\XamarinFormsCustomRenderer.UWP\XamarinFormsCustomRenderer.UWP.csproj", "{6F5E7DEE-177B-4A12-B64D-514D4286C15D}"
EndProject
Project("{FAE04EC0-301F-11D3-BF4B-00C04F79EFBC}") = "XamarinFormsCustomRenderer.Windows", "XamarinFormsCustomRenderer\XamarinFormsCustomRenderer.Windows\XamarinFormsCustomRenderer.Windows.csproj", "{4AF15980-F147-48E7-9151-472BD94D8EC8}"
EndProject
Global
	GlobalSection(SolutionConfigurationPlatforms) = preSolution
		Ad-Hoc|Any CPU = Ad-Hoc|Any CPU
		Ad-Hoc|ARM = Ad-Hoc|ARM
		Ad-Hoc|iPhone = Ad-Hoc|iPhone
		Ad-Hoc|iPhoneSimulator = Ad-Hoc|iPhoneSimulator
		Ad-Hoc|x64 = Ad-Hoc|x64
		Ad-Hoc|x86 = Ad-Hoc|x86
		AppStore|Any CPU = AppStore|Any CPU
		AppStore|ARM = AppStore|ARM
		AppStore|iPhone = AppStore|iPhone
		AppStore|iPhoneSimulator = AppStore|iPhoneSimulator
		AppStore|x64 = AppStore|x64
		AppStore|x86 = AppStore|x86
		Debug|Any CPU = Debug|Any CPU
		Debug|ARM = Debug|ARM
		Debug|iPhone = Debug|iPhone
		Debug|iPhoneSimulator = Debug|iPhoneSimulator
		Debug|x64 = Debug|x64
		Debug|x86 = Debug|x86
		Release|Any CPU = Release|Any CPU
		Release|ARM = Release|ARM
		Release|iPhone = Release|iPhone
		Release|iPhoneSimulator = Release|iPhoneSimulator
		Release|x64 = Release|x64
		Release|x86 = Release|x86
	EndGlobalSection
	GlobalSection(ProjectConfigurationPlatforms) = postSolution
		{E53A5336-134A-4B64-951B-EEF8D787108F}.Ad-Hoc|Any CPU.ActiveCfg = Release|Any CPU
		{E53A5336-134A-4B64-951B-EEF8D787108F}.Ad-Hoc|Any CPU.Build.0 = Release|Any CPU
		{E53A5336-134A-4B64-951B-EEF8D787108F}.Ad-Hoc|ARM.ActiveCfg = Release|Any CPU
		{E53A5336-134A-4B64-951B-EEF8D787108F}.Ad-Hoc|ARM.Build.0 = Release|Any CPU
		{E53A5336-134A-4B64-951B-EEF8D787108F}.Ad-Hoc|iPhone.ActiveCfg = Release|Any CPU
		{E53A5336-134A-4B64-951B-EEF8D787108F}.Ad-Hoc|iPhone.Build.0 = Release|Any CPU
		{E53A5336-134A-4B64-951B-EEF8D787108F}.Ad-Hoc|iPhoneSimulator.ActiveCfg = Release|Any CPU
		{E53A5336-134A-4B64-951B-EEF8D787108F}.Ad-Hoc|iPhoneSimulator.Build.0 = Release|Any CPU
		{E53A5336-134A-4B64-951B-EEF8D787108F}.Ad-Hoc|x64.ActiveCfg = Release|Any CPU
		{E53A5336-134A-4B64-951B-EEF8D787108F}.Ad-Hoc|x64.Build.0 = Release|Any CPU
		{E53A5336-134A-4B64-951B-EEF8D787108F}.Ad-Hoc|x86.ActiveCfg = Release|Any CPU
		{E53A5336-134A-4B64-951B-EEF8D787108F}.Ad-Hoc|x86.Build.0 = Release|Any CPU
		{E53A5336-134A-4B64-951B-EEF8D787108F}.AppStore|Any CPU.ActiveCfg = Release|Any CPU
		{E53A5336-134A-4B64-951B-EEF8D787108F}.AppStore|Any CPU.Build.0 = Release|Any CPU
		{E53A5336-134A-4B64-951B-EEF8D787108F}.AppStore|ARM.ActiveCfg = Release|Any CPU
		{E53A5336-134A-4B64-951B-EEF8D787108F}.AppStore|ARM.Build.0 = Release|Any CPU
		{E53A5336-134A-4B64-951B-EEF8D787108F}.AppStore|iPhone.ActiveCfg = Release|Any CPU
		{E53A5336-134A-4B64-951B-EEF8D787108F}.AppStore|iPhone.Build.0 = Release|Any CPU
		{E53A5336-134A-4B64-951B-EEF8D787108F}.AppStore|iPhoneSimulator.ActiveCfg = Release|Any CPU
		{E53A5336-134A-4B64-951B-EEF8D787108F}.AppStore|iPhoneSimulator.Build.0 = Release|Any CPU
		{E53A5336-134A-4B64-951B-EEF8D787108F}.AppStore|x64.ActiveCfg = Release|Any CPU
		{E53A5336-134A-4B64-951B-EEF8D787108F}.AppStore|x64.Build.0 = Release|Any CPU
		{E53A5336-134A-4B64-951B-EEF8D787108F}.AppStore|x86.ActiveCfg = Release|Any CPU
		{E53A5336-134A-4B64-951B-EEF8D787108F}.AppStore|x86.Build.0 = Release|Any CPU
		{E53A5336-134A-4B64-951B-EEF8D787108F}.Debug|Any CPU.ActiveCfg = Debug|Any CPU
		{E53A5336-134A-4B64-951B-EEF8D787108F}.Debug|Any CPU.Build.0 = Debug|Any CPU
		{E53A5336-134A-4B64-951B-EEF8D787108F}.Debug|ARM.ActiveCfg = Debug|Any CPU
		{E53A5336-134A-4B64-951B-EEF8D787108F}.Debug|ARM.Build.0 = Debug|Any CPU
		{E53A5336-134A-4B64-951B-EEF8D787108F}.Debug|iPhone.ActiveCfg = Debug|Any CPU
		{E53A5336-134A-4B64-951B-EEF8D787108F}.Debug|iPhone.Build.0 = Debug|Any CPU
		{E53A5336-134A-4B64-951B-EEF8D787108F}.Debug|iPhoneSimulator.ActiveCfg = Debug|Any CPU
		{E53A5336-134A-4B64-951B-EEF8D787108F}.Debug|iPhoneSimulator.Build.0 = Debug|Any CPU
		{E53A5336-134A-4B64-951B-EEF8D787108F}.Debug|x64.ActiveCfg = Debug|Any CPU
		{E53A5336-134A-4B64-951B-EEF8D787108F}.Debug|x64.Build.0 = Debug|Any CPU
		{E53A5336-134A-4B64-951B-EEF8D787108F}.Debug|x86.ActiveCfg = Debug|Any CPU
		{E53A5336-134A-4B64-951B-EEF8D787108F}.Debug|x86.Build.0 = Debug|Any CPU
		{E53A5336-134A-4B64-951B-EEF8D787108F}.Release|Any CPU.ActiveCfg = Release|Any CPU
		{E53A5336-134A-4B64-951B-EEF8D787108F}.Release|Any CPU.Build.0 = Release|Any CPU
		{E53A5336-134A-4B64-951B-EEF8D787108F}.Release|ARM.ActiveCfg = Release|Any CPU
		{E53A5336-134A-4B64-951B-EEF8D787108F}.Release|ARM.Build.0 = Release|Any CPU
		{E53A5336-134A-4B64-951B-EEF8D787108F}.Release|iPhone.ActiveCfg = Release|Any CPU
		{E53A5336-134A-4B64-951B-EEF8D787108F}.Release|iPhone.Build.0 = Release|Any CPU
		{E53A5336-134A-4B64-951B-EEF8D787108F}.Release|iPhoneSimulator.ActiveCfg = Release|Any CPU
		{E53A5336-134A-4B64-951B-EEF8D787108F}.Release|iPhoneSimulator.Build.0 = Release|Any CPU
		{E53A5336-134A-4B64-951B-EEF8D787108F}.Release|x64.ActiveCfg = Release|Any CPU
		{E53A5336-134A-4B64-951B-EEF8D787108F}.Release|x64.Build.0 = Release|Any CPU
		{E53A5336-134A-4B64-951B-EEF8D787108F}.Release|x86.ActiveCfg = Release|Any CPU
		{E53A5336-134A-4B64-951B-EEF8D787108F}.Release|x86.Build.0 = Release|Any CPU
		{E2ED5C5A-5F9A-4BF1-96A3-96366F76A141}.Ad-Hoc|Any CPU.ActiveCfg = Release|Any CPU
		{E2ED5C5A-5F9A-4BF1-96A3-96366F76A141}.Ad-Hoc|Any CPU.Build.0 = Release|Any CPU
		{E2ED5C5A-5F9A-4BF1-96A3-96366F76A141}.Ad-Hoc|Any CPU.Deploy.0 = Release|Any CPU
		{E2ED5C5A-5F9A-4BF1-96A3-96366F76A141}.Ad-Hoc|ARM.ActiveCfg = Release|Any CPU
		{E2ED5C5A-5F9A-4BF1-96A3-96366F76A141}.Ad-Hoc|ARM.Build.0 = Release|Any CPU
		{E2ED5C5A-5F9A-4BF1-96A3-96366F76A141}.Ad-Hoc|ARM.Deploy.0 = Release|Any CPU
		{E2ED5C5A-5F9A-4BF1-96A3-96366F76A141}.Ad-Hoc|iPhone.ActiveCfg = Release|Any CPU
		{E2ED5C5A-5F9A-4BF1-96A3-96366F76A141}.Ad-Hoc|iPhone.Build.0 = Release|Any CPU
		{E2ED5C5A-5F9A-4BF1-96A3-96366F76A141}.Ad-Hoc|iPhone.Deploy.0 = Release|Any CPU
		{E2ED5C5A-5F9A-4BF1-96A3-96366F76A141}.Ad-Hoc|iPhoneSimulator.ActiveCfg = Release|Any CPU
		{E2ED5C5A-5F9A-4BF1-96A3-96366F76A141}.Ad-Hoc|iPhoneSimulator.Build.0 = Release|Any CPU
		{E2ED5C5A-5F9A-4BF1-96A3-96366F76A141}.Ad-Hoc|iPhoneSimulator.Deploy.0 = Release|Any CPU
		{E2ED5C5A-5F9A-4BF1-96A3-96366F76A141}.Ad-Hoc|x64.ActiveCfg = Release|Any CPU
		{E2ED5C5A-5F9A-4BF1-96A3-96366F76A141}.Ad-Hoc|x64.Build.0 = Release|Any CPU
		{E2ED5C5A-5F9A-4BF1-96A3-96366F76A141}.Ad-Hoc|x64.Deploy.0 = Release|Any CPU
		{E2ED5C5A-5F9A-4BF1-96A3-96366F76A141}.Ad-Hoc|x86.ActiveCfg = Release|Any CPU
		{E2ED5C5A-5F9A-4BF1-96A3-96366F76A141}.Ad-Hoc|x86.Build.0 = Release|Any CPU
		{E2ED5C5A-5F9A-4BF1-96A3-96366F76A141}.Ad-Hoc|x86.Deploy.0 = Release|Any CPU
		{E2ED5C5A-5F9A-4BF1-96A3-96366F76A141}.AppStore|Any CPU.ActiveCfg = Release|Any CPU
		{E2ED5C5A-5F9A-4BF1-96A3-96366F76A141}.AppStore|Any CPU.Build.0 = Release|Any CPU
		{E2ED5C5A-5F9A-4BF1-96A3-96366F76A141}.AppStore|Any CPU.Deploy.0 = Release|Any CPU
		{E2ED5C5A-5F9A-4BF1-96A3-96366F76A141}.AppStore|ARM.ActiveCfg = Release|Any CPU
		{E2ED5C5A-5F9A-4BF1-96A3-96366F76A141}.AppStore|ARM.Build.0 = Release|Any CPU
		{E2ED5C5A-5F9A-4BF1-96A3-96366F76A141}.AppStore|ARM.Deploy.0 = Release|Any CPU
		{E2ED5C5A-5F9A-4BF1-96A3-96366F76A141}.AppStore|iPhone.ActiveCfg = Release|Any CPU
		{E2ED5C5A-5F9A-4BF1-96A3-96366F76A141}.AppStore|iPhone.Build.0 = Release|Any CPU
		{E2ED5C5A-5F9A-4BF1-96A3-96366F76A141}.AppStore|iPhone.Deploy.0 = Release|Any CPU
		{E2ED5C5A-5F9A-4BF1-96A3-96366F76A141}.AppStore|iPhoneSimulator.ActiveCfg = Release|Any CPU
		{E2ED5C5A-5F9A-4BF1-96A3-96366F76A141}.AppStore|iPhoneSimulator.Build.0 = Release|Any CPU
		{E2ED5C5A-5F9A-4BF1-96A3-96366F76A141}.AppStore|iPhoneSimulator.Deploy.0 = Release|Any CPU
		{E2ED5C5A-5F9A-4BF1-96A3-96366F76A141}.AppStore|x64.ActiveCfg = Release|Any CPU
		{E2ED5C5A-5F9A-4BF1-96A3-96366F76A141}.AppStore|x64.Build.0 = Release|Any CPU
		{E2ED5C5A-5F9A-4BF1-96A3-96366F76A141}.AppStore|x64.Deploy.0 = Release|Any CPU
		{E2ED5C5A-5F9A-4BF1-96A3-96366F76A141}.AppStore|x86.ActiveCfg = Release|Any CPU
		{E2ED5C5A-5F9A-4BF1-96A3-96366F76A141}.AppStore|x86.Build.0 = Release|Any CPU
		{E2ED5C5A-5F9A-4BF1-96A3-96366F76A141}.AppStore|x86.Deploy.0 = Release|Any CPU
		{E2ED5C5A-5F9A-4BF1-96A3-96366F76A141}.Debug|Any CPU.ActiveCfg = Debug|Any CPU
		{E2ED5C5A-5F9A-4BF1-96A3-96366F76A141}.Debug|Any CPU.Build.0 = Debug|Any CPU
		{E2ED5C5A-5F9A-4BF1-96A3-96366F76A141}.Debug|Any CPU.Deploy.0 = Debug|Any CPU
		{E2ED5C5A-5F9A-4BF1-96A3-96366F76A141}.Debug|ARM.ActiveCfg = Debug|Any CPU
		{E2ED5C5A-5F9A-4BF1-96A3-96366F76A141}.Debug|ARM.Build.0 = Debug|Any CPU
		{E2ED5C5A-5F9A-4BF1-96A3-96366F76A141}.Debug|ARM.Deploy.0 = Debug|Any CPU
		{E2ED5C5A-5F9A-4BF1-96A3-96366F76A141}.Debug|iPhone.ActiveCfg = Debug|Any CPU
		{E2ED5C5A-5F9A-4BF1-96A3-96366F76A141}.Debug|iPhone.Build.0 = Debug|Any CPU
		{E2ED5C5A-5F9A-4BF1-96A3-96366F76A141}.Debug|iPhone.Deploy.0 = Debug|Any CPU
		{E2ED5C5A-5F9A-4BF1-96A3-96366F76A141}.Debug|iPhoneSimulator.ActiveCfg = Debug|Any CPU
		{E2ED5C5A-5F9A-4BF1-96A3-96366F76A141}.Debug|iPhoneSimulator.Build.0 = Debug|Any CPU
		{E2ED5C5A-5F9A-4BF1-96A3-96366F76A141}.Debug|iPhoneSimulator.Deploy.0 = Debug|Any CPU
		{E2ED5C5A-5F9A-4BF1-96A3-96366F76A141}.Debug|x64.ActiveCfg = Debug|Any CPU
		{E2ED5C5A-5F9A-4BF1-96A3-96366F76A141}.Debug|x64.Build.0 = Debug|Any CPU
		{E2ED5C5A-5F9A-4BF1-96A3-96366F76A141}.Debug|x64.Deploy.0 = Debug|Any CPU
		{E2ED5C5A-5F9A-4BF1-96A3-96366F76A141}.Debug|x86.ActiveCfg = Debug|Any CPU
		{E2ED5C5A-5F9A-4BF1-96A3-96366F76A141}.Debug|x86.Build.0 = Debug|Any CPU
		{E2ED5C5A-5F9A-4BF1-96A3-96366F76A141}.Debug|x86.Deploy.0 = Debug|Any CPU
		{E2ED5C5A-5F9A-4BF1-96A3-96366F76A141}.Release|Any CPU.ActiveCfg = Release|Any CPU
		{E2ED5C5A-5F9A-4BF1-96A3-96366F76A141}.Release|Any CPU.Build.0 = Release|Any CPU
		{E2ED5C5A-5F9A-4BF1-96A3-96366F76A141}.Release|Any CPU.Deploy.0 = Release|Any CPU
		{E2ED5C5A-5F9A-4BF1-96A3-96366F76A141}.Release|ARM.ActiveCfg = Release|Any CPU
		{E2ED5C5A-5F9A-4BF1-96A3-96366F76A141}.Release|ARM.Build.0 = Release|Any CPU
		{E2ED5C5A-5F9A-4BF1-96A3-96366F76A141}.Release|ARM.Deploy.0 = Release|Any CPU
		{E2ED5C5A-5F9A-4BF1-96A3-96366F76A141}.Release|iPhone.ActiveCfg = Release|Any CPU
		{E2ED5C5A-5F9A-4BF1-96A3-96366F76A141}.Release|iPhone.Build.0 = Release|Any CPU
		{E2ED5C5A-5F9A-4BF1-96A3-96366F76A141}.Release|iPhone.Deploy.0 = Release|Any CPU
		{E2ED5C5A-5F9A-4BF1-96A3-96366F76A141}.Release|iPhoneSimulator.ActiveCfg = Release|Any CPU
		{E2ED5C5A-5F9A-4BF1-96A3-96366F76A141}.Release|iPhoneSimulator.Build.0 = Release|Any CPU
		{E2ED5C5A-5F9A-4BF1-96A3-96366F76A141}.Release|iPhoneSimulator.Deploy.0 = Release|Any CPU
		{E2ED5C5A-5F9A-4BF1-96A3-96366F76A141}.Release|x64.ActiveCfg = Release|Any CPU
		{E2ED5C5A-5F9A-4BF1-96A3-96366F76A141}.Release|x64.Build.0 = Release|Any CPU
		{E2ED5C5A-5F9A-4BF1-96A3-96366F76A141}.Release|x64.Deploy.0 = Release|Any CPU
		{E2ED5C5A-5F9A-4BF1-96A3-96366F76A141}.Release|x86.ActiveCfg = Release|Any CPU
		{E2ED5C5A-5F9A-4BF1-96A3-96366F76A141}.Release|x86.Build.0 = Release|Any CPU
		{E2ED5C5A-5F9A-4BF1-96A3-96366F76A141}.Release|x86.Deploy.0 = Release|Any CPU
		{3B508A22-7C20-48A8-B4FD-C5F95069AB08}.Ad-Hoc|Any CPU.ActiveCfg = Ad-Hoc|iPhone
		{3B508A22-7C20-48A8-B4FD-C5F95069AB08}.Ad-Hoc|ARM.ActiveCfg = Ad-Hoc|iPhone
		{3B508A22-7C20-48A8-B4FD-C5F95069AB08}.Ad-Hoc|iPhone.ActiveCfg = Ad-Hoc|iPhone
		{3B508A22-7C20-48A8-B4FD-C5F95069AB08}.Ad-Hoc|iPhone.Build.0 = Ad-Hoc|iPhone
		{3B508A22-7C20-48A8-B4FD-C5F95069AB08}.Ad-Hoc|iPhoneSimulator.ActiveCfg = Ad-Hoc|iPhoneSimulator
		{3B508A22-7C20-48A8-B4FD-C5F95069AB08}.Ad-Hoc|iPhoneSimulator.Build.0 = Ad-Hoc|iPhoneSimulator
		{3B508A22-7C20-48A8-B4FD-C5F95069AB08}.Ad-Hoc|x64.ActiveCfg = Ad-Hoc|iPhone
		{3B508A22-7C20-48A8-B4FD-C5F95069AB08}.Ad-Hoc|x86.ActiveCfg = Ad-Hoc|iPhone
		{3B508A22-7C20-48A8-B4FD-C5F95069AB08}.AppStore|Any CPU.ActiveCfg = AppStore|iPhone
		{3B508A22-7C20-48A8-B4FD-C5F95069AB08}.AppStore|ARM.ActiveCfg = AppStore|iPhone
		{3B508A22-7C20-48A8-B4FD-C5F95069AB08}.AppStore|iPhone.ActiveCfg = AppStore|iPhone
		{3B508A22-7C20-48A8-B4FD-C5F95069AB08}.AppStore|iPhone.Build.0 = AppStore|iPhone
		{3B508A22-7C20-48A8-B4FD-C5F95069AB08}.AppStore|iPhoneSimulator.ActiveCfg = AppStore|iPhoneSimulator
		{3B508A22-7C20-48A8-B4FD-C5F95069AB08}.AppStore|iPhoneSimulator.Build.0 = AppStore|iPhoneSimulator
		{3B508A22-7C20-48A8-B4FD-C5F95069AB08}.AppStore|x64.ActiveCfg = AppStore|iPhone
		{3B508A22-7C20-48A8-B4FD-C5F95069AB08}.AppStore|x86.ActiveCfg = AppStore|iPhone
		{3B508A22-7C20-48A8-B4FD-C5F95069AB08}.Debug|Any CPU.ActiveCfg = Debug|iPhone
		{3B508A22-7C20-48A8-B4FD-C5F95069AB08}.Debug|ARM.ActiveCfg = Debug|iPhone
		{3B508A22-7C20-48A8-B4FD-C5F95069AB08}.Debug|iPhone.ActiveCfg = Debug|iPhone
		{3B508A22-7C20-48A8-B4FD-C5F95069AB08}.Debug|iPhone.Build.0 = Debug|iPhone
		{3B508A22-7C20-48A8-B4FD-C5F95069AB08}.Debug|iPhoneSimulator.ActiveCfg = Debug|iPhoneSimulator
		{3B508A22-7C20-48A8-B4FD-C5F95069AB08}.Debug|iPhoneSimulator.Build.0 = Debug|iPhoneSimulator
		{3B508A22-7C20-48A8-B4FD-C5F95069AB08}.Debug|x64.ActiveCfg = Debug|iPhone
		{3B508A22-7C20-48A8-B4FD-C5F95069AB08}.Debug|x86.ActiveCfg = Debug|iPhone
		{3B508A22-7C20-48A8-B4FD-C5F95069AB08}.Release|Any CPU.ActiveCfg = Release|iPhone
		{3B508A22-7C20-48A8-B4FD-C5F95069AB08}.Release|ARM.ActiveCfg = Release|iPhone
		{3B508A22-7C20-48A8-B4FD-C5F95069AB08}.Release|iPhone.ActiveCfg = Release|iPhone
		{3B508A22-7C20-48A8-B4FD-C5F95069AB08}.Release|iPhone.Build.0 = Release|iPhone
		{3B508A22-7C20-48A8-B4FD-C5F95069AB08}.Release|iPhoneSimulator.ActiveCfg = Release|iPhoneSimulator
		{3B508A22-7C20-48A8-B4FD-C5F95069AB08}.Release|iPhoneSimulator.Build.0 = Release|iPhoneSimulator
		{3B508A22-7C20-48A8-B4FD-C5F95069AB08}.Release|x64.ActiveCfg = Release|iPhone
		{3B508A22-7C20-48A8-B4FD-C5F95069AB08}.Release|x86.ActiveCfg = Release|iPhone
		{648A7295-2256-4AFA-8481-BAD66C5BA917}.Ad-Hoc|Any CPU.ActiveCfg = Release|Any CPU
		{648A7295-2256-4AFA-8481-BAD66C5BA917}.Ad-Hoc|Any CPU.Build.0 = Release|Any CPU
		{648A7295-2256-4AFA-8481-BAD66C5BA917}.Ad-Hoc|Any CPU.Deploy.0 = Release|Any CPU
		{648A7295-2256-4AFA-8481-BAD66C5BA917}.Ad-Hoc|ARM.ActiveCfg = Release|ARM
		{648A7295-2256-4AFA-8481-BAD66C5BA917}.Ad-Hoc|ARM.Build.0 = Release|ARM
		{648A7295-2256-4AFA-8481-BAD66C5BA917}.Ad-Hoc|ARM.Deploy.0 = Release|ARM
		{648A7295-2256-4AFA-8481-BAD66C5BA917}.Ad-Hoc|iPhone.ActiveCfg = Release|Any CPU
		{648A7295-2256-4AFA-8481-BAD66C5BA917}.Ad-Hoc|iPhone.Build.0 = Release|Any CPU
		{648A7295-2256-4AFA-8481-BAD66C5BA917}.Ad-Hoc|iPhone.Deploy.0 = Release|Any CPU
		{648A7295-2256-4AFA-8481-BAD66C5BA917}.Ad-Hoc|iPhoneSimulator.ActiveCfg = Release|Any CPU
		{648A7295-2256-4AFA-8481-BAD66C5BA917}.Ad-Hoc|iPhoneSimulator.Build.0 = Release|Any CPU
		{648A7295-2256-4AFA-8481-BAD66C5BA917}.Ad-Hoc|iPhoneSimulator.Deploy.0 = Release|Any CPU
		{648A7295-2256-4AFA-8481-BAD66C5BA917}.Ad-Hoc|x64.ActiveCfg = Release|Any CPU
		{648A7295-2256-4AFA-8481-BAD66C5BA917}.Ad-Hoc|x64.Build.0 = Release|Any CPU
		{648A7295-2256-4AFA-8481-BAD66C5BA917}.Ad-Hoc|x64.Deploy.0 = Release|Any CPU
		{648A7295-2256-4AFA-8481-BAD66C5BA917}.Ad-Hoc|x86.ActiveCfg = Release|x86
		{648A7295-2256-4AFA-8481-BAD66C5BA917}.Ad-Hoc|x86.Build.0 = Release|x86
		{648A7295-2256-4AFA-8481-BAD66C5BA917}.Ad-Hoc|x86.Deploy.0 = Release|x86
		{648A7295-2256-4AFA-8481-BAD66C5BA917}.AppStore|Any CPU.ActiveCfg = Release|Any CPU
		{648A7295-2256-4AFA-8481-BAD66C5BA917}.AppStore|Any CPU.Build.0 = Release|Any CPU
		{648A7295-2256-4AFA-8481-BAD66C5BA917}.AppStore|Any CPU.Deploy.0 = Release|Any CPU
		{648A7295-2256-4AFA-8481-BAD66C5BA917}.AppStore|ARM.ActiveCfg = Release|ARM
		{648A7295-2256-4AFA-8481-BAD66C5BA917}.AppStore|ARM.Build.0 = Release|ARM
		{648A7295-2256-4AFA-8481-BAD66C5BA917}.AppStore|ARM.Deploy.0 = Release|ARM
		{648A7295-2256-4AFA-8481-BAD66C5BA917}.AppStore|iPhone.ActiveCfg = Release|Any CPU
		{648A7295-2256-4AFA-8481-BAD66C5BA917}.AppStore|iPhone.Build.0 = Release|Any CPU
		{648A7295-2256-4AFA-8481-BAD66C5BA917}.AppStore|iPhone.Deploy.0 = Release|Any CPU
		{648A7295-2256-4AFA-8481-BAD66C5BA917}.AppStore|iPhoneSimulator.ActiveCfg = Release|Any CPU
		{648A7295-2256-4AFA-8481-BAD66C5BA917}.AppStore|iPhoneSimulator.Build.0 = Release|Any CPU
		{648A7295-2256-4AFA-8481-BAD66C5BA917}.AppStore|iPhoneSimulator.Deploy.0 = Release|Any CPU
		{648A7295-2256-4AFA-8481-BAD66C5BA917}.AppStore|x64.ActiveCfg = Release|Any CPU
		{648A7295-2256-4AFA-8481-BAD66C5BA917}.AppStore|x64.Build.0 = Release|Any CPU
		{648A7295-2256-4AFA-8481-BAD66C5BA917}.AppStore|x64.Deploy.0 = Release|Any CPU
		{648A7295-2256-4AFA-8481-BAD66C5BA917}.AppStore|x86.ActiveCfg = Release|x86
		{648A7295-2256-4AFA-8481-BAD66C5BA917}.AppStore|x86.Build.0 = Release|x86
		{648A7295-2256-4AFA-8481-BAD66C5BA917}.AppStore|x86.Deploy.0 = Release|x86
		{648A7295-2256-4AFA-8481-BAD66C5BA917}.Debug|Any CPU.ActiveCfg = Debug|Any CPU
		{648A7295-2256-4AFA-8481-BAD66C5BA917}.Debug|Any CPU.Build.0 = Debug|Any CPU
		{648A7295-2256-4AFA-8481-BAD66C5BA917}.Debug|Any CPU.Deploy.0 = Debug|Any CPU
		{648A7295-2256-4AFA-8481-BAD66C5BA917}.Debug|ARM.ActiveCfg = Debug|ARM
		{648A7295-2256-4AFA-8481-BAD66C5BA917}.Debug|ARM.Build.0 = Debug|ARM
		{648A7295-2256-4AFA-8481-BAD66C5BA917}.Debug|ARM.Deploy.0 = Debug|ARM
		{648A7295-2256-4AFA-8481-BAD66C5BA917}.Debug|iPhone.ActiveCfg = Debug|Any CPU
		{648A7295-2256-4AFA-8481-BAD66C5BA917}.Debug|iPhone.Build.0 = Debug|Any CPU
		{648A7295-2256-4AFA-8481-BAD66C5BA917}.Debug|iPhone.Deploy.0 = Debug|Any CPU
		{648A7295-2256-4AFA-8481-BAD66C5BA917}.Debug|iPhoneSimulator.ActiveCfg = Debug|Any CPU
		{648A7295-2256-4AFA-8481-BAD66C5BA917}.Debug|iPhoneSimulator.Build.0 = Debug|Any CPU
		{648A7295-2256-4AFA-8481-BAD66C5BA917}.Debug|iPhoneSimulator.Deploy.0 = Debug|Any CPU
		{648A7295-2256-4AFA-8481-BAD66C5BA917}.Debug|x64.ActiveCfg = Debug|Any CPU
		{648A7295-2256-4AFA-8481-BAD66C5BA917}.Debug|x64.Build.0 = Debug|Any CPU
		{648A7295-2256-4AFA-8481-BAD66C5BA917}.Debug|x64.Deploy.0 = Debug|Any CPU
		{648A7295-2256-4AFA-8481-BAD66C5BA917}.Debug|x86.ActiveCfg = Debug|x86
		{648A7295-2256-4AFA-8481-BAD66C5BA917}.Debug|x86.Build.0 = Debug|x86
		{648A7295-2256-4AFA-8481-BAD66C5BA917}.Debug|x86.Deploy.0 = Debug|x86
		{648A7295-2256-4AFA-8481-BAD66C5BA917}.Release|Any CPU.ActiveCfg = Release|Any CPU
		{648A7295-2256-4AFA-8481-BAD66C5BA917}.Release|Any CPU.Build.0 = Release|Any CPU
		{648A7295-2256-4AFA-8481-BAD66C5BA917}.Release|Any CPU.Deploy.0 = Release|Any CPU
		{648A7295-2256-4AFA-8481-BAD66C5BA917}.Release|ARM.ActiveCfg = Release|ARM
		{648A7295-2256-4AFA-8481-BAD66C5BA917}.Release|ARM.Build.0 = Release|ARM
		{648A7295-2256-4AFA-8481-BAD66C5BA917}.Release|ARM.Deploy.0 = Release|ARM
		{648A7295-2256-4AFA-8481-BAD66C5BA917}.Release|iPhone.ActiveCfg = Release|Any CPU
		{648A7295-2256-4AFA-8481-BAD66C5BA917}.Release|iPhone.Build.0 = Release|Any CPU
		{648A7295-2256-4AFA-8481-BAD66C5BA917}.Release|iPhone.Deploy.0 = Release|Any CPU
		{648A7295-2256-4AFA-8481-BAD66C5BA917}.Release|iPhoneSimulator.ActiveCfg = Release|Any CPU
		{648A7295-2256-4AFA-8481-BAD66C5BA917}.Release|iPhoneSimulator.Build.0 = Release|Any CPU
		{648A7295-2256-4AFA-8481-BAD66C5BA917}.Release|iPhoneSimulator.Deploy.0 = Release|Any CPU
		{648A7295-2256-4AFA-8481-BAD66C5BA917}.Release|x64.ActiveCfg = Release|Any CPU
		{648A7295-2256-4AFA-8481-BAD66C5BA917}.Release|x64.Build.0 = Release|Any CPU
		{648A7295-2256-4AFA-8481-BAD66C5BA917}.Release|x64.Deploy.0 = Release|Any CPU
		{648A7295-2256-4AFA-8481-BAD66C5BA917}.Release|x86.ActiveCfg = Release|x86
		{648A7295-2256-4AFA-8481-BAD66C5BA917}.Release|x86.Build.0 = Release|x86
		{648A7295-2256-4AFA-8481-BAD66C5BA917}.Release|x86.Deploy.0 = Release|x86
		{6F5E7DEE-177B-4A12-B64D-514D4286C15D}.Ad-Hoc|Any CPU.ActiveCfg = Release|x86
		{6F5E7DEE-177B-4A12-B64D-514D4286C15D}.Ad-Hoc|Any CPU.Build.0 = Release|x86
		{6F5E7DEE-177B-4A12-B64D-514D4286C15D}.Ad-Hoc|Any CPU.Deploy.0 = Release|x86
		{6F5E7DEE-177B-4A12-B64D-514D4286C15D}.Ad-Hoc|ARM.ActiveCfg = Release|ARM
		{6F5E7DEE-177B-4A12-B64D-514D4286C15D}.Ad-Hoc|ARM.Build.0 = Release|ARM
		{6F5E7DEE-177B-4A12-B64D-514D4286C15D}.Ad-Hoc|ARM.Deploy.0 = Release|ARM
		{6F5E7DEE-177B-4A12-B64D-514D4286C15D}.Ad-Hoc|iPhone.ActiveCfg = Release|x86
		{6F5E7DEE-177B-4A12-B64D-514D4286C15D}.Ad-Hoc|iPhone.Build.0 = Release|x86
		{6F5E7DEE-177B-4A12-B64D-514D4286C15D}.Ad-Hoc|iPhone.Deploy.0 = Release|x86
		{6F5E7DEE-177B-4A12-B64D-514D4286C15D}.Ad-Hoc|iPhoneSimulator.ActiveCfg = Release|x86
		{6F5E7DEE-177B-4A12-B64D-514D4286C15D}.Ad-Hoc|iPhoneSimulator.Build.0 = Release|x86
		{6F5E7DEE-177B-4A12-B64D-514D4286C15D}.Ad-Hoc|iPhoneSimulator.Deploy.0 = Release|x86
		{6F5E7DEE-177B-4A12-B64D-514D4286C15D}.Ad-Hoc|x64.ActiveCfg = Release|x64
		{6F5E7DEE-177B-4A12-B64D-514D4286C15D}.Ad-Hoc|x64.Build.0 = Release|x64
		{6F5E7DEE-177B-4A12-B64D-514D4286C15D}.Ad-Hoc|x64.Deploy.0 = Release|x64
		{6F5E7DEE-177B-4A12-B64D-514D4286C15D}.Ad-Hoc|x86.ActiveCfg = Release|x86
		{6F5E7DEE-177B-4A12-B64D-514D4286C15D}.Ad-Hoc|x86.Build.0 = Release|x86
		{6F5E7DEE-177B-4A12-B64D-514D4286C15D}.Ad-Hoc|x86.Deploy.0 = Release|x86
		{6F5E7DEE-177B-4A12-B64D-514D4286C15D}.AppStore|Any CPU.ActiveCfg = Release|x86
		{6F5E7DEE-177B-4A12-B64D-514D4286C15D}.AppStore|Any CPU.Build.0 = Release|x86
		{6F5E7DEE-177B-4A12-B64D-514D4286C15D}.AppStore|Any CPU.Deploy.0 = Release|x86
		{6F5E7DEE-177B-4A12-B64D-514D4286C15D}.AppStore|ARM.ActiveCfg = Release|ARM
		{6F5E7DEE-177B-4A12-B64D-514D4286C15D}.AppStore|ARM.Build.0 = Release|ARM
		{6F5E7DEE-177B-4A12-B64D-514D4286C15D}.AppStore|ARM.Deploy.0 = Release|ARM
		{6F5E7DEE-177B-4A12-B64D-514D4286C15D}.AppStore|iPhone.ActiveCfg = Release|x86
		{6F5E7DEE-177B-4A12-B64D-514D4286C15D}.AppStore|iPhone.Build.0 = Release|x86
		{6F5E7DEE-177B-4A12-B64D-514D4286C15D}.AppStore|iPhone.Deploy.0 = Release|x86
		{6F5E7DEE-177B-4A12-B64D-514D4286C15D}.AppStore|iPhoneSimulator.ActiveCfg = Release|x86
		{6F5E7DEE-177B-4A12-B64D-514D4286C15D}.AppStore|iPhoneSimulator.Build.0 = Release|x86
		{6F5E7DEE-177B-4A12-B64D-514D4286C15D}.AppStore|iPhoneSimulator.Deploy.0 = Release|x86
		{6F5E7DEE-177B-4A12-B64D-514D4286C15D}.AppStore|x64.ActiveCfg = Release|x64
		{6F5E7DEE-177B-4A12-B64D-514D4286C15D}.AppStore|x64.Build.0 = Release|x64
		{6F5E7DEE-177B-4A12-B64D-514D4286C15D}.AppStore|x64.Deploy.0 = Release|x64
		{6F5E7DEE-177B-4A12-B64D-514D4286C15D}.AppStore|x86.ActiveCfg = Release|x86
		{6F5E7DEE-177B-4A12-B64D-514D4286C15D}.AppStore|x86.Build.0 = Release|x86
		{6F5E7DEE-177B-4A12-B64D-514D4286C15D}.AppStore|x86.Deploy.0 = Release|x86
		{6F5E7DEE-177B-4A12-B64D-514D4286C15D}.Debug|Any CPU.ActiveCfg = Debug|x86
		{6F5E7DEE-177B-4A12-B64D-514D4286C15D}.Debug|ARM.ActiveCfg = Debug|ARM
		{6F5E7DEE-177B-4A12-B64D-514D4286C15D}.Debug|ARM.Build.0 = Debug|ARM
		{6F5E7DEE-177B-4A12-B64D-514D4286C15D}.Debug|ARM.Deploy.0 = Debug|ARM
		{6F5E7DEE-177B-4A12-B64D-514D4286C15D}.Debug|iPhone.ActiveCfg = Debug|x86
		{6F5E7DEE-177B-4A12-B64D-514D4286C15D}.Debug|iPhoneSimulator.ActiveCfg = Debug|x86
		{6F5E7DEE-177B-4A12-B64D-514D4286C15D}.Debug|x64.ActiveCfg = Debug|x64
		{6F5E7DEE-177B-4A12-B64D-514D4286C15D}.Debug|x64.Build.0 = Debug|x64
		{6F5E7DEE-177B-4A12-B64D-514D4286C15D}.Debug|x64.Deploy.0 = Debug|x64
		{6F5E7DEE-177B-4A12-B64D-514D4286C15D}.Debug|x86.ActiveCfg = Debug|x86
		{6F5E7DEE-177B-4A12-B64D-514D4286C15D}.Debug|x86.Build.0 = Debug|x86
		{6F5E7DEE-177B-4A12-B64D-514D4286C15D}.Debug|x86.Deploy.0 = Debug|x86
		{6F5E7DEE-177B-4A12-B64D-514D4286C15D}.Release|Any CPU.ActiveCfg = Release|x86
		{6F5E7DEE-177B-4A12-B64D-514D4286C15D}.Release|ARM.ActiveCfg = Release|ARM
		{6F5E7DEE-177B-4A12-B64D-514D4286C15D}.Release|ARM.Build.0 = Release|ARM
		{6F5E7DEE-177B-4A12-B64D-514D4286C15D}.Release|ARM.Deploy.0 = Release|ARM
		{6F5E7DEE-177B-4A12-B64D-514D4286C15D}.Release|iPhone.ActiveCfg = Release|x86
		{6F5E7DEE-177B-4A12-B64D-514D4286C15D}.Release|iPhoneSimulator.ActiveCfg = Release|x86
		{6F5E7DEE-177B-4A12-B64D-514D4286C15D}.Release|x64.ActiveCfg = Release|x64
		{6F5E7DEE-177B-4A12-B64D-514D4286C15D}.Release|x64.Build.0 = Release|x64
		{6F5E7DEE-177B-4A12-B64D-514D4286C15D}.Release|x64.Deploy.0 = Release|x64
		{6F5E7DEE-177B-4A12-B64D-514D4286C15D}.Release|x86.ActiveCfg = Release|x86
		{6F5E7DEE-177B-4A12-B64D-514D4286C15D}.Release|x86.Build.0 = Release|x86
		{6F5E7DEE-177B-4A12-B64D-514D4286C15D}.Release|x86.Deploy.0 = Release|x86
		{4AF15980-F147-48E7-9151-472BD94D8EC8}.Ad-Hoc|Any CPU.ActiveCfg = Release|Any CPU
		{4AF15980-F147-48E7-9151-472BD94D8EC8}.Ad-Hoc|Any CPU.Build.0 = Release|Any CPU
		{4AF15980-F147-48E7-9151-472BD94D8EC8}.Ad-Hoc|Any CPU.Deploy.0 = Release|Any CPU
		{4AF15980-F147-48E7-9151-472BD94D8EC8}.Ad-Hoc|ARM.ActiveCfg = Release|ARM
		{4AF15980-F147-48E7-9151-472BD94D8EC8}.Ad-Hoc|ARM.Build.0 = Release|ARM
		{4AF15980-F147-48E7-9151-472BD94D8EC8}.Ad-Hoc|ARM.Deploy.0 = Release|ARM
		{4AF15980-F147-48E7-9151-472BD94D8EC8}.Ad-Hoc|iPhone.ActiveCfg = Release|Any CPU
		{4AF15980-F147-48E7-9151-472BD94D8EC8}.Ad-Hoc|iPhone.Build.0 = Release|Any CPU
		{4AF15980-F147-48E7-9151-472BD94D8EC8}.Ad-Hoc|iPhone.Deploy.0 = Release|Any CPU
		{4AF15980-F147-48E7-9151-472BD94D8EC8}.Ad-Hoc|iPhoneSimulator.ActiveCfg = Release|Any CPU
		{4AF15980-F147-48E7-9151-472BD94D8EC8}.Ad-Hoc|iPhoneSimulator.Build.0 = Release|Any CPU
		{4AF15980-F147-48E7-9151-472BD94D8EC8}.Ad-Hoc|iPhoneSimulator.Deploy.0 = Release|Any CPU
		{4AF15980-F147-48E7-9151-472BD94D8EC8}.Ad-Hoc|x64.ActiveCfg = Release|x64
		{4AF15980-F147-48E7-9151-472BD94D8EC8}.Ad-Hoc|x64.Build.0 = Release|x64
		{4AF15980-F147-48E7-9151-472BD94D8EC8}.Ad-Hoc|x64.Deploy.0 = Release|x64
		{4AF15980-F147-48E7-9151-472BD94D8EC8}.Ad-Hoc|x86.ActiveCfg = Release|x86
		{4AF15980-F147-48E7-9151-472BD94D8EC8}.Ad-Hoc|x86.Build.0 = Release|x86
		{4AF15980-F147-48E7-9151-472BD94D8EC8}.Ad-Hoc|x86.Deploy.0 = Release|x86
		{4AF15980-F147-48E7-9151-472BD94D8EC8}.AppStore|Any CPU.ActiveCfg = Release|Any CPU
		{4AF15980-F147-48E7-9151-472BD94D8EC8}.AppStore|Any CPU.Build.0 = Release|Any CPU
		{4AF15980-F147-48E7-9151-472BD94D8EC8}.AppStore|Any CPU.Deploy.0 = Release|Any CPU
		{4AF15980-F147-48E7-9151-472BD94D8EC8}.AppStore|ARM.ActiveCfg = Release|ARM
		{4AF15980-F147-48E7-9151-472BD94D8EC8}.AppStore|ARM.Build.0 = Release|ARM
		{4AF15980-F147-48E7-9151-472BD94D8EC8}.AppStore|ARM.Deploy.0 = Release|ARM
		{4AF15980-F147-48E7-9151-472BD94D8EC8}.AppStore|iPhone.ActiveCfg = Release|Any CPU
		{4AF15980-F147-48E7-9151-472BD94D8EC8}.AppStore|iPhone.Build.0 = Release|Any CPU
		{4AF15980-F147-48E7-9151-472BD94D8EC8}.AppStore|iPhone.Deploy.0 = Release|Any CPU
		{4AF15980-F147-48E7-9151-472BD94D8EC8}.AppStore|iPhoneSimulator.ActiveCfg = Release|Any CPU
		{4AF15980-F147-48E7-9151-472BD94D8EC8}.AppStore|iPhoneSimulator.Build.0 = Release|Any CPU
		{4AF15980-F147-48E7-9151-472BD94D8EC8}.AppStore|iPhoneSimulator.Deploy.0 = Release|Any CPU
		{4AF15980-F147-48E7-9151-472BD94D8EC8}.AppStore|x64.ActiveCfg = Release|x64
		{4AF15980-F147-48E7-9151-472BD94D8EC8}.AppStore|x64.Build.0 = Release|x64
		{4AF15980-F147-48E7-9151-472BD94D8EC8}.AppStore|x64.Deploy.0 = Release|x64
		{4AF15980-F147-48E7-9151-472BD94D8EC8}.AppStore|x86.ActiveCfg = Release|x86
		{4AF15980-F147-48E7-9151-472BD94D8EC8}.AppStore|x86.Build.0 = Release|x86
		{4AF15980-F147-48E7-9151-472BD94D8EC8}.AppStore|x86.Deploy.0 = Release|x86
		{4AF15980-F147-48E7-9151-472BD94D8EC8}.Debug|Any CPU.ActiveCfg = Debug|Any CPU
		{4AF15980-F147-48E7-9151-472BD94D8EC8}.Debug|Any CPU.Build.0 = Debug|Any CPU
		{4AF15980-F147-48E7-9151-472BD94D8EC8}.Debug|Any CPU.Deploy.0 = Debug|Any CPU
		{4AF15980-F147-48E7-9151-472BD94D8EC8}.Debug|ARM.ActiveCfg = Debug|ARM
		{4AF15980-F147-48E7-9151-472BD94D8EC8}.Debug|ARM.Build.0 = Debug|ARM
		{4AF15980-F147-48E7-9151-472BD94D8EC8}.Debug|ARM.Deploy.0 = Debug|ARM
		{4AF15980-F147-48E7-9151-472BD94D8EC8}.Debug|iPhone.ActiveCfg = Debug|Any CPU
		{4AF15980-F147-48E7-9151-472BD94D8EC8}.Debug|iPhone.Build.0 = Debug|Any CPU
		{4AF15980-F147-48E7-9151-472BD94D8EC8}.Debug|iPhone.Deploy.0 = Debug|Any CPU
		{4AF15980-F147-48E7-9151-472BD94D8EC8}.Debug|iPhoneSimulator.ActiveCfg = Debug|Any CPU
		{4AF15980-F147-48E7-9151-472BD94D8EC8}.Debug|iPhoneSimulator.Build.0 = Debug|Any CPU
		{4AF15980-F147-48E7-9151-472BD94D8EC8}.Debug|iPhoneSimulator.Deploy.0 = Debug|Any CPU
		{4AF15980-F147-48E7-9151-472BD94D8EC8}.Debug|x64.ActiveCfg = Debug|x64
		{4AF15980-F147-48E7-9151-472BD94D8EC8}.Debug|x64.Build.0 = Debug|x64
		{4AF15980-F147-48E7-9151-472BD94D8EC8}.Debug|x64.Deploy.0 = Debug|x64
		{4AF15980-F147-48E7-9151-472BD94D8EC8}.Debug|x86.ActiveCfg = Debug|x86
		{4AF15980-F147-48E7-9151-472BD94D8EC8}.Debug|x86.Build.0 = Debug|x86
		{4AF15980-F147-48E7-9151-472BD94D8EC8}.Debug|x86.Deploy.0 = Debug|x86
		{4AF15980-F147-48E7-9151-472BD94D8EC8}.Release|Any CPU.ActiveCfg = Release|Any CPU
		{4AF15980-F147-48E7-9151-472BD94D8EC8}.Release|Any CPU.Build.0 = Release|Any CPU
		{4AF15980-F147-48E7-9151-472BD94D8EC8}.Release|Any CPU.Deploy.0 = Release|Any CPU
		{4AF15980-F147-48E7-9151-472BD94D8EC8}.Release|ARM.ActiveCfg = Release|ARM
		{4AF15980-F147-48E7-9151-472BD94D8EC8}.Release|ARM.Build.0 = Release|ARM
		{4AF15980-F147-48E7-9151-472BD94D8EC8}.Release|ARM.Deploy.0 = Release|ARM
		{4AF15980-F147-48E7-9151-472BD94D8EC8}.Release|iPhone.ActiveCfg = Release|Any CPU
		{4AF15980-F147-48E7-9151-472BD94D8EC8}.Release|iPhone.Build.0 = Release|Any CPU
		{4AF15980-F147-48E7-9151-472BD94D8EC8}.Release|iPhone.Deploy.0 = Release|Any CPU
		{4AF15980-F147-48E7-9151-472BD94D8EC8}.Release|iPhoneSimulator.ActiveCfg = Release|Any CPU
		{4AF15980-F147-48E7-9151-472BD94D8EC8}.Release|iPhoneSimulator.Build.0 = Release|Any CPU
		{4AF15980-F147-48E7-9151-472BD94D8EC8}.Release|iPhoneSimulator.Deploy.0 = Release|Any CPU
		{4AF15980-F147-48E7-9151-472BD94D8EC8}.Release|x64.ActiveCfg = Release|x64
		{4AF15980-F147-48E7-9151-472BD94D8EC8}.Release|x64.Build.0 = Release|x64
		{4AF15980-F147-48E7-9151-472BD94D8EC8}.Release|x64.Deploy.0 = Release|x64
		{4AF15980-F147-48E7-9151-472BD94D8EC8}.Release|x86.ActiveCfg = Release|x86
		{4AF15980-F147-48E7-9151-472BD94D8EC8}.Release|x86.Build.0 = Release|x86
		{4AF15980-F147-48E7-9151-472BD94D8EC8}.Release|x86.Deploy.0 = Release|x86
	EndGlobalSection
	GlobalSection(SolutionProperties) = preSolution
		HideSolutionNode = FALSE
	EndGlobalSection
EndGlobal
